
Microsoft Visual Studio Solution File, Format Version 12.00
# Visual Studio Version 16
VisualStudioVersion = 16.0.31911.196
MinimumVisualStudioVersion = 10.0.40219.1
Project("{FAE04EC0-301F-11D3-BF4B-00C04F79EFBC}") = "RevitAddin.PanelColorExample", "RevitAddin.PanelColorExample\RevitAddin.PanelColorExample.csproj", "{50B58868-E11C-4DF3-9CEF-7B54D0C0683E}"
EndProject
Project("{FAE04EC0-301F-11D3-BF4B-00C04F79EFBC}") = "Build", "Build\Build.csproj", "{823029D3-71EC-4FC1-94B1-7DA4A2FB8E4E}"
EndProject
Project("{2150E333-8FDC-42A3-9474-1A3956D46DE8}") = "Project", "Project", "{DDDB46EA-339A-40F8-8F52-578FCB5C65E0}"
	ProjectSection(SolutionItems) = preProject
		CHANGELOG.md = CHANGELOG.md
		LICENSE = LICENSE
		README.md = README.md
	EndProjectSection
EndProject
Global
	GlobalSection(SolutionConfigurationPlatforms) = preSolution
		Debug|Any CPU = Debug|Any CPU
		Release|Any CPU = Release|Any CPU
	EndGlobalSection
	GlobalSection(ProjectConfigurationPlatforms) = postSolution
		{50B58868-E11C-4DF3-9CEF-7B54D0C0683E}.Debug|Any CPU.ActiveCfg = Debug|Any CPU
		{50B58868-E11C-4DF3-9CEF-7B54D0C0683E}.Debug|Any CPU.Build.0 = Debug|Any CPU
		{50B58868-E11C-4DF3-9CEF-7B54D0C0683E}.Release|Any CPU.ActiveCfg = Release|Any CPU
		{50B58868-E11C-4DF3-9CEF-7B54D0C0683E}.Release|Any CPU.Build.0 = Release|Any CPU
		{823029D3-71EC-4FC1-94B1-7DA4A2FB8E4E}.Debug|Any CPU.ActiveCfg = Debug|Any CPU
		{823029D3-71EC-4FC1-94B1-7DA4A2FB8E4E}.Debug|Any CPU.Build.0 = Debug|Any CPU
		{823029D3-71EC-4FC1-94B1-7DA4A2FB8E4E}.Release|Any CPU.ActiveCfg = Release|Any CPU
		{823029D3-71EC-4FC1-94B1-7DA4A2FB8E4E}.Release|Any CPU.Build.0 = Release|Any CPU
	EndGlobalSection
	GlobalSection(SolutionProperties) = preSolution
		HideSolutionNode = FALSE
	EndGlobalSection
	GlobalSection(ExtensibilityGlobals) = postSolution
		SolutionGuid = {3D569FAD-BEE4-4D4B-A8F3-907EACDF0FD6}
	EndGlobalSection
EndGlobal
